
Microsoft Visual Studio Solution File, Format Version 10.00
# Visual C# Express 2008
Project("{FAE04EC0-301F-11D3-BF4B-00C04F79EFBC}") = "ListUsingArray.ClassLibrary", "ListUsingArray.ClassLibrary\ListUsingArray.ClassLibrary.csproj", "{480E8039-8CED-40C0-9344-874AE4EE1F23}"
EndProject
Project("{FAE04EC0-301F-11D3-BF4B-00C04F79EFBC}") = "ListUsingArray.ConsoleApplication", "ListUsingArray.ConsoleApplication\ListUsingArray.ConsoleApplication.csproj", "{190B9AD3-A67D-42C3-9D06-FF79DB750F36}"
EndProject
Global
	GlobalSection(SolutionConfigurationPlatforms) = preSolution
		Debug|Any CPU = Debug|Any CPU
		Release|Any CPU = Release|Any CPU
	EndGlobalSection
	GlobalSection(ProjectConfigurationPlatforms) = postSolution
		{480E8039-8CED-40C0-9344-874AE4EE1F23}.Debug|Any CPU.ActiveCfg = Debug|Any CPU
		{480E8039-8CED-40C0-9344-874AE4EE1F23}.Debug|Any CPU.Build.0 = Debug|Any CPU
		{480E8039-8CED-40C0-9344-874AE4EE1F23}.Release|Any CPU.ActiveCfg = Release|Any CPU
		{480E8039-8CED-40C0-9344-874AE4EE1F23}.Release|Any CPU.Build.0 = Release|Any CPU
		{190B9AD3-A67D-42C3-9D06-FF79DB750F36}.Debug|Any CPU.ActiveCfg = Debug|Any CPU
		{190B9AD3-A67D-42C3-9D06-FF79DB750F36}.Debug|Any CPU.Build.0 = Debug|Any CPU
		{190B9AD3-A67D-42C3-9D06-FF79DB750F36}.Release|Any CPU.ActiveCfg = Release|Any CPU
		{190B9AD3-A67D-42C3-9D06-FF79DB750F36}.Release|Any CPU.Build.0 = Release|Any CPU
	EndGlobalSection
	GlobalSection(SolutionProperties) = preSolution
		HideSolutionNode = FALSE
	EndGlobalSection
EndGlobal
